Microsoft Visual Studio Solution File, Format Version 12.00
# Visual Studio Version 17
VisualStudioVersion = 17.0.31903.59
MinimumVisualStudioVersion = 10.0.40219.1
Project("{FAE04EC0-301F-11D3-BF4B-00C04F79EFBC}") = "ChatOS.Core", "src\ChatOS.Core\ChatOS.Core.csproj", "{131D6A73-87DD-45FC-B35E-45641F5081AE}"
EndProject
Project("{FAE04EC0-301F-11D3-BF4B-00C04F79EFBC}") = "ChatOS.Api", "src\ChatOS.Api\ChatOS.Api.csproj", "{38B12B97-A202-4109-89ED-5796F3E3652F}"
EndProject
Project("{FAE04EC0-301F-11D3-BF4B-00C04F79EFBC}") = "ChatOS.Connector", "src\ChatOS.Connector\ChatOS.Connector.csproj", "{A87EFDC3-0BF7-4A04-881A-B7B229DD485B}"
EndProject
Project("{FAE04EC0-301F-11D3-BF4B-00C04F79EFBC}") = "ChatOS.NetworkGuard.Contracts", "src\ChatOS.NetworkGuard.Contracts\ChatOS.NetworkGuard.Contracts.csproj", "{C9CFCB39-104A-4CF6-861A-6ABF2D3D8A91}"
EndProject
Project("{FAE04EC0-301F-11D3-BF4B-00C04F79EFBC}") = "ChatOS.NetworkGuard.Service", "src\ChatOS.NetworkGuard.Service\ChatOS.NetworkGuard.Service.csproj", "{733B1BD8-6478-4B31-9D4D-614AF28B5FD4}"
EndProject
Project("{FAE04EC0-301F-11D3-BF4B-00C04F79EFBC}") = "ChatOS.Desktop", "src\ChatOS.Desktop\ChatOS.Desktop.csproj", "{E754EBF1-69A8-416D-A9F4-16A2888C8A72}"
EndProject
Project("{FAE04EC0-301F-11D3-BF4B-00C04F79EFBC}") = "ChatOS.Core.Tests", "tests\ChatOS.Core.Tests\ChatOS.Core.Tests.csproj", "{109ED836-836F-43F1-8EA0-08ADBEA68131}"
EndProject
Project("{FAE04EC0-301F-11D3-BF4B-00C04F79EFBC}") = "ChatOS.Api.Tests", "tests\ChatOS.Api.Tests\ChatOS.Api.Tests.csproj", "{E9D165A8-03C3-4C38-BC76-232473333B02}"
EndProject
Project("{FAE04EC0-301F-11D3-BF4B-00C04F79EFBC}") = "ChatOS.Presentation", "src\ChatOS.Presentation\ChatOS.Presentation.csproj", "{5B5E0A0C-8938-4B51-937E-293BFB52A2B1}"
EndProject
Project("{FAE04EC0-301F-11D3-BF4B-00C04F79EFBC}") = "ChatOS.Presentation.Tests", "tests\ChatOS.Presentation.Tests\ChatOS.Presentation.Tests.csproj", "{77EA1392-1A57-4CBB-B2DB-7DCA991382A4}"
EndProject
Project("{FAE04EC0-301F-11D3-BF4B-00C04F79EFBC}") = "ChatOS.Connector.Tests", "tests\ChatOS.Connector.Tests\ChatOS.Connector.Tests.csproj", "{88F31D8D-450A-49CE-AEA9-D703BE33054C}"
EndProject
Project("{FAE04EC0-301F-11D3-BF4B-00C04F79EFBC}") = "ChatOS.NetworkGuard.Tests", "tests\ChatOS.NetworkGuard.Tests\ChatOS.NetworkGuard.Tests.csproj", "{3BB0210E-5AB9-4D73-AC71-E60ED2ED631E}"
EndProject
Global
	GlobalSection(SolutionConfigurationPlatforms) = preSolution
		Debug|x64 = Debug|x64
		Debug|ARM64 = Debug|ARM64
		Release|x64 = Release|x64
		Release|ARM64 = Release|ARM64
	EndGlobalSection
	GlobalSection(ProjectConfigurationPlatforms) = postSolution
		{131D6A73-87DD-45FC-B35E-45641F5081AE}.Debug|x64.ActiveCfg = Debug|Any CPU
		{131D6A73-87DD-45FC-B35E-45641F5081AE}.Debug|x64.Build.0 = Debug|Any CPU
		{131D6A73-87DD-45FC-B35E-45641F5081AE}.Debug|ARM64.ActiveCfg = Debug|Any CPU
		{131D6A73-87DD-45FC-B35E-45641F5081AE}.Debug|ARM64.Build.0 = Debug|Any CPU
		{131D6A73-87DD-45FC-B35E-45641F5081AE}.Release|x64.ActiveCfg = Release|Any CPU
		{131D6A73-87DD-45FC-B35E-45641F5081AE}.Release|x64.Build.0 = Release|Any CPU
		{131D6A73-87DD-45FC-B35E-45641F5081AE}.Release|ARM64.ActiveCfg = Release|Any CPU
		{131D6A73-87DD-45FC-B35E-45641F5081AE}.Release|ARM64.Build.0 = Release|Any CPU
		{38B12B97-A202-4109-89ED-5796F3E3652F}.Debug|x64.ActiveCfg = Debug|Any CPU
		{38B12B97-A202-4109-89ED-5796F3E3652F}.Debug|x64.Build.0 = Debug|Any CPU
		{38B12B97-A202-4109-89ED-5796F3E3652F}.Debug|ARM64.ActiveCfg = Debug|Any CPU
		{38B12B97-A202-4109-89ED-5796F3E3652F}.Debug|ARM64.Build.0 = Debug|Any CPU
		{38B12B97-A202-4109-89ED-5796F3E3652F}.Release|x64.ActiveCfg = Release|Any CPU
		{38B12B97-A202-4109-89ED-5796F3E3652F}.Release|x64.Build.0 = Release|Any CPU
		{38B12B97-A202-4109-89ED-5796F3E3652F}.Release|ARM64.ActiveCfg = Release|Any CPU
		{38B12B97-A202-4109-89ED-5796F3E3652F}.Release|ARM64.Build.0 = Release|Any CPU
		{A87EFDC3-0BF7-4A04-881A-B7B229DD485B}.Debug|x64.ActiveCfg = Debug|Any CPU
		{A87EFDC3-0BF7-4A04-881A-B7B229DD485B}.Debug|x64.Build.0 = Debug|Any CPU
		{A87EFDC3-0BF7-4A04-881A-B7B229DD485B}.Debug|ARM64.ActiveCfg = Debug|Any CPU
		{A87EFDC3-0BF7-4A04-881A-B7B229DD485B}.Debug|ARM64.Build.0 = Debug|Any CPU
		{A87EFDC3-0BF7-4A04-881A-B7B229DD485B}.Release|x64.ActiveCfg = Release|Any CPU
		{A87EFDC3-0BF7-4A04-881A-B7B229DD485B}.Release|x64.Build.0 = Release|Any CPU
		{A87EFDC3-0BF7-4A04-881A-B7B229DD485B}.Release|ARM64.ActiveCfg = Release|Any CPU
		{A87EFDC3-0BF7-4A04-881A-B7B229DD485B}.Release|ARM64.Build.0 = Release|Any CPU
		{C9CFCB39-104A-4CF6-861A-6ABF2D3D8A91}.Debug|x64.ActiveCfg = Debug|Any CPU
		{C9CFCB39-104A-4CF6-861A-6ABF2D3D8A91}.Debug|x64.Build.0 = Debug|Any CPU
		{C9CFCB39-104A-4CF6-861A-6ABF2D3D8A91}.Debug|ARM64.ActiveCfg = Debug|Any CPU
		{C9CFCB39-104A-4CF6-861A-6ABF2D3D8A91}.Debug|ARM64.Build.0 = Debug|Any CPU
		{C9CFCB39-104A-4CF6-861A-6ABF2D3D8A91}.Release|x64.ActiveCfg = Release|Any CPU
		{C9CFCB39-104A-4CF6-861A-6ABF2D3D8A91}.Release|x64.Build.0 = Release|Any CPU
		{C9CFCB39-104A-4CF6-861A-6ABF2D3D8A91}.Release|ARM64.ActiveCfg = Release|Any CPU
		{C9CFCB39-104A-4CF6-861A-6ABF2D3D8A91}.Release|ARM64.Build.0 = Release|Any CPU
		{733B1BD8-6478-4B31-9D4D-614AF28B5FD4}.Debug|x64.ActiveCfg = Debug|Any CPU
		{733B1BD8-6478-4B31-9D4D-614AF28B5FD4}.Debug|x64.Build.0 = Debug|Any CPU
		{733B1BD8-6478-4B31-9D4D-614AF28B5FD4}.Debug|ARM64.ActiveCfg = Debug|Any CPU
		{733B1BD8-6478-4B31-9D4D-614AF28B5FD4}.Debug|ARM64.Build.0 = Debug|Any CPU
		{733B1BD8-6478-4B31-9D4D-614AF28B5FD4}.Release|x64.ActiveCfg = Release|Any CPU
		{733B1BD8-6478-4B31-9D4D-614AF28B5FD4}.Release|x64.Build.0 = Release|Any CPU
		{733B1BD8-6478-4B31-9D4D-614AF28B5FD4}.Release|ARM64.ActiveCfg = Release|Any CPU
		{733B1BD8-6478-4B31-9D4D-614AF28B5FD4}.Release|ARM64.Build.0 = Release|Any CPU
		{E754EBF1-69A8-416D-A9F4-16A2888C8A72}.Debug|x64.ActiveCfg = Debug|x64
		{E754EBF1-69A8-416D-A9F4-16A2888C8A72}.Debug|x64.Build.0 = Debug|x64
		{E754EBF1-69A8-416D-A9F4-16A2888C8A72}.Debug|ARM64.ActiveCfg = Debug|ARM64
		{E754EBF1-69A8-416D-A9F4-16A2888C8A72}.Debug|ARM64.Build.0 = Debug|ARM64
		{E754EBF1-69A8-416D-A9F4-16A2888C8A72}.Release|x64.ActiveCfg = Release|x64
		{E754EBF1-69A8-416D-A9F4-16A2888C8A72}.Release|x64.Build.0 = Release|x64
		{E754EBF1-69A8-416D-A9F4-16A2888C8A72}.Release|ARM64.ActiveCfg = Release|ARM64
		{E754EBF1-69A8-416D-A9F4-16A2888C8A72}.Release|ARM64.Build.0 = Release|ARM64
		{109ED836-836F-43F1-8EA0-08ADBEA68131}.Debug|x64.ActiveCfg = Debug|Any CPU
		{109ED836-836F-43F1-8EA0-08ADBEA68131}.Debug|x64.Build.0 = Debug|Any CPU
		{109ED836-836F-43F1-8EA0-08ADBEA68131}.Debug|ARM64.ActiveCfg = Debug|Any CPU
		{109ED836-836F-43F1-8EA0-08ADBEA68131}.Debug|ARM64.Build.0 = Debug|Any CPU
		{109ED836-836F-43F1-8EA0-08ADBEA68131}.Release|x64.ActiveCfg = Release|Any CPU
		{109ED836-836F-43F1-8EA0-08ADBEA68131}.Release|x64.Build.0 = Release|Any CPU
		{109ED836-836F-43F1-8EA0-08ADBEA68131}.Release|ARM64.ActiveCfg = Release|Any CPU
		{109ED836-836F-43F1-8EA0-08ADBEA68131}.Release|ARM64.Build.0 = Release|Any CPU
		{E9D165A8-03C3-4C38-BC76-232473333B02}.Debug|x64.ActiveCfg = Debug|Any CPU
		{E9D165A8-03C3-4C38-BC76-232473333B02}.Debug|x64.Build.0 = Debug|Any CPU
		{E9D165A8-03C3-4C38-BC76-232473333B02}.Debug|ARM64.ActiveCfg = Debug|Any CPU
		{E9D165A8-03C3-4C38-BC76-232473333B02}.Debug|ARM64.Build.0 = Debug|Any CPU
		{E9D165A8-03C3-4C38-BC76-232473333B02}.Release|x64.ActiveCfg = Release|Any CPU
		{E9D165A8-03C3-4C38-BC76-232473333B02}.Release|x64.Build.0 = Release|Any CPU
		{E9D165A8-03C3-4C38-BC76-232473333B02}.Release|ARM64.ActiveCfg = Release|Any CPU
		{E9D165A8-03C3-4C38-BC76-232473333B02}.Release|ARM64.Build.0 = Release|Any CPU
		{5B5E0A0C-8938-4B51-937E-293BFB52A2B1}.Debug|x64.ActiveCfg = Debug|Any CPU
		{5B5E0A0C-8938-4B51-937E-293BFB52A2B1}.Debug|x64.Build.0 = Debug|Any CPU
		{5B5E0A0C-8938-4B51-937E-293BFB52A2B1}.Debug|ARM64.ActiveCfg = Debug|Any CPU
		{5B5E0A0C-8938-4B51-937E-293BFB52A2B1}.Debug|ARM64.Build.0 = Debug|Any CPU
		{5B5E0A0C-8938-4B51-937E-293BFB52A2B1}.Release|x64.ActiveCfg = Release|Any CPU
		{5B5E0A0C-8938-4B51-937E-293BFB52A2B1}.Release|x64.Build.0 = Release|Any CPU
		{5B5E0A0C-8938-4B51-937E-293BFB52A2B1}.Release|ARM64.ActiveCfg = Release|Any CPU
		{5B5E0A0C-8938-4B51-937E-293BFB52A2B1}.Release|ARM64.Build.0 = Release|Any CPU
		{77EA1392-1A57-4CBB-B2DB-7DCA991382A4}.Debug|x64.ActiveCfg = Debug|Any CPU
		{77EA1392-1A57-4CBB-B2DB-7DCA991382A4}.Debug|x64.Build.0 = Debug|Any CPU
		{77EA1392-1A57-4CBB-B2DB-7DCA991382A4}.Debug|ARM64.ActiveCfg = Debug|Any CPU
		{77EA1392-1A57-4CBB-B2DB-7DCA991382A4}.Debug|ARM64.Build.0 = Debug|Any CPU
		{77EA1392-1A57-4CBB-B2DB-7DCA991382A4}.Release|x64.ActiveCfg = Release|Any CPU
		{77EA1392-1A57-4CBB-B2DB-7DCA991382A4}.Release|x64.Build.0 = Release|Any CPU
		{77EA1392-1A57-4CBB-B2DB-7DCA991382A4}.Release|ARM64.ActiveCfg = Release|Any CPU
		{77EA1392-1A57-4CBB-B2DB-7DCA991382A4}.Release|ARM64.Build.0 = Release|Any CPU
		{88F31D8D-450A-49CE-AEA9-D703BE33054C}.Debug|x64.ActiveCfg = Debug|Any CPU
		{88F31D8D-450A-49CE-AEA9-D703BE33054C}.Debug|x64.Build.0 = Debug|Any CPU
		{88F31D8D-450A-49CE-AEA9-D703BE33054C}.Debug|ARM64.ActiveCfg = Debug|Any CPU
		{88F31D8D-450A-49CE-AEA9-D703BE33054C}.Debug|ARM64.Build.0 = Debug|Any CPU
		{88F31D8D-450A-49CE-AEA9-D703BE33054C}.Release|x64.ActiveCfg = Release|Any CPU
		{88F31D8D-450A-49CE-AEA9-D703BE33054C}.Release|x64.Build.0 = Release|Any CPU
		{88F31D8D-450A-49CE-AEA9-D703BE33054C}.Release|ARM64.ActiveCfg = Release|Any CPU
		{88F31D8D-450A-49CE-AEA9-D703BE33054C}.Release|ARM64.Build.0 = Release|Any CPU
		{3BB0210E-5AB9-4D73-AC71-E60ED2ED631E}.Debug|x64.ActiveCfg = Debug|Any CPU
		{3BB0210E-5AB9-4D73-AC71-E60ED2ED631E}.Debug|x64.Build.0 = Debug|Any CPU
		{3BB0210E-5AB9-4D73-AC71-E60ED2ED631E}.Debug|ARM64.ActiveCfg = Debug|Any CPU
		{3BB0210E-5AB9-4D73-AC71-E60ED2ED631E}.Debug|ARM64.Build.0 = Debug|Any CPU
		{3BB0210E-5AB9-4D73-AC71-E60ED2ED631E}.Release|x64.ActiveCfg = Release|Any CPU
		{3BB0210E-5AB9-4D73-AC71-E60ED2ED631E}.Release|x64.Build.0 = Release|Any CPU
		{3BB0210E-5AB9-4D73-AC71-E60ED2ED631E}.Release|ARM64.ActiveCfg = Release|Any CPU
		{3BB0210E-5AB9-4D73-AC71-E60ED2ED631E}.Release|ARM64.Build.0 = Release|Any CPU
	EndGlobalSection
EndGlobal
